
Microsoft Visual Studio Solution File, Format Version 12.00
# Visual Studio 14
VisualStudioVersion = 14.0.25123.0
MinimumVisualStudioVersion = 10.0.40219.1
Project("{2150E333-8FDC-42A3-9474-1A3956D46DE8}") = "src", "src", "{B353635C-0B77-4A9E-ACD4-17E74F44BF97}"
EndProject
Project("{2150E333-8FDC-42A3-9474-1A3956D46DE8}") = "Solution Items", "Solution Items", "{E2EAFC50-711D-4273-97AA-005B584AF6F5}"
	ProjectSection(SolutionItems) = preProject
		global.json = global.json
	EndProjectSection
EndProject
Project("{8BB2217D-0F2D-49D1-97BC-3654ED321F3B}") = "AspSite", "src\AspSite\AspSite.xproj", "{EEF14E5F-0761-4402-81B3-B1B65806243D}"
EndProject
Project("{8BB2217D-0F2D-49D1-97BC-3654ED321F3B}") = "AspVKSite", "src\AspVKSite\AspVKSite.xproj", "{ECE397C8-4434-43BA-8D47-34C5F17D5513}"
EndProject
Project("{8BB2217D-0F2D-49D1-97BC-3654ED321F3B}") = "AuthServer", "src\AuthServer\AuthServer.xproj", "{FEC516C4-81C2-4A47-8463-33B4CAE31EEB}"
EndProject
Project("{2150E333-8FDC-42A3-9474-1A3956D46DE8}") = "Tests", "Tests", "{987F1346-0D77-440D-8939-CDFECEFB885A}"
EndProject
Project("{8BB2217D-0F2D-49D1-97BC-3654ED321F3B}") = "AuthServer.Tests", "AuthServer.Tests\AuthServer.Tests.xproj", "{26825549-6CE1-4DEC-8D3D-DEA91967CD03}"
EndProject
Project("{8BB2217D-0F2D-49D1-97BC-3654ED321F3B}") = "Mongo", "src\Mongo\Mongo.xproj", "{51135504-ABA1-40F3-AA55-E82452E6FD8B}"
EndProject
Project("{8BB2217D-0F2D-49D1-97BC-3654ED321F3B}") = "Mongo.Tests", "Mongo.Tests\Mongo.Tests.xproj", "{7D925F51-140A-4E84-A241-4638CA6BDDCA}"
EndProject
Global
	GlobalSection(SolutionConfigurationPlatforms) = preSolution
		Debug|Any CPU = Debug|Any CPU
		Release|Any CPU = Release|Any CPU
	EndGlobalSection
	GlobalSection(ProjectConfigurationPlatforms) = postSolution
		{EEF14E5F-0761-4402-81B3-B1B65806243D}.Debug|Any CPU.ActiveCfg = Debug|Any CPU
		{EEF14E5F-0761-4402-81B3-B1B65806243D}.Debug|Any CPU.Build.0 = Debug|Any CPU
		{EEF14E5F-0761-4402-81B3-B1B65806243D}.Release|Any CPU.ActiveCfg = Release|Any CPU
		{EEF14E5F-0761-4402-81B3-B1B65806243D}.Release|Any CPU.Build.0 = Release|Any CPU
		{ECE397C8-4434-43BA-8D47-34C5F17D5513}.Debug|Any CPU.ActiveCfg = Debug|Any CPU
		{ECE397C8-4434-43BA-8D47-34C5F17D5513}.Debug|Any CPU.Build.0 = Debug|Any CPU
		{ECE397C8-4434-43BA-8D47-34C5F17D5513}.Release|Any CPU.ActiveCfg = Release|Any CPU
		{ECE397C8-4434-43BA-8D47-34C5F17D5513}.Release|Any CPU.Build.0 = Release|Any CPU
		{FEC516C4-81C2-4A47-8463-33B4CAE31EEB}.Debug|Any CPU.ActiveCfg = Debug|Any CPU
		{FEC516C4-81C2-4A47-8463-33B4CAE31EEB}.Debug|Any CPU.Build.0 = Debug|Any CPU
		{FEC516C4-81C2-4A47-8463-33B4CAE31EEB}.Release|Any CPU.ActiveCfg = Release|Any CPU
		{FEC516C4-81C2-4A47-8463-33B4CAE31EEB}.Release|Any CPU.Build.0 = Release|Any CPU
		{26825549-6CE1-4DEC-8D3D-DEA91967CD03}.Debug|Any CPU.ActiveCfg = Debug|Any CPU
		{26825549-6CE1-4DEC-8D3D-DEA91967CD03}.Debug|Any CPU.Build.0 = Debug|Any CPU
		{26825549-6CE1-4DEC-8D3D-DEA91967CD03}.Release|Any CPU.ActiveCfg = Release|Any CPU
		{26825549-6CE1-4DEC-8D3D-DEA91967CD03}.Release|Any CPU.Build.0 = Release|Any CPU
		{51135504-ABA1-40F3-AA55-E82452E6FD8B}.Debug|Any CPU.ActiveCfg = Debug|Any CPU
		{51135504-ABA1-40F3-AA55-E82452E6FD8B}.Debug|Any CPU.Build.0 = Debug|Any CPU
		{51135504-ABA1-40F3-AA55-E82452E6FD8B}.Release|Any CPU.ActiveCfg = Release|Any CPU
		{51135504-ABA1-40F3-AA55-E82452E6FD8B}.Release|Any CPU.Build.0 = Release|Any CPU
		{7D925F51-140A-4E84-A241-4638CA6BDDCA}.Debug|Any CPU.ActiveCfg = Debug|Any CPU
		{7D925F51-140A-4E84-A241-4638CA6BDDCA}.Debug|Any CPU.Build.0 = Debug|Any CPU
		{7D925F51-140A-4E84-A241-4638CA6BDDCA}.Release|Any CPU.ActiveCfg = Release|Any CPU
		{7D925F51-140A-4E84-A241-4638CA6BDDCA}.Release|Any CPU.Build.0 = Release|Any CPU
	EndGlobalSection
	GlobalSection(SolutionProperties) = preSolution
		HideSolutionNode = FALSE
	EndGlobalSection
	GlobalSection(NestedProjects) = preSolution
		{EEF14E5F-0761-4402-81B3-B1B65806243D} = {B353635C-0B77-4A9E-ACD4-17E74F44BF97}
		{ECE397C8-4434-43BA-8D47-34C5F17D5513} = {B353635C-0B77-4A9E-ACD4-17E74F44BF97}
		{FEC516C4-81C2-4A47-8463-33B4CAE31EEB} = {B353635C-0B77-4A9E-ACD4-17E74F44BF97}
		{987F1346-0D77-440D-8939-CDFECEFB885A} = {B353635C-0B77-4A9E-ACD4-17E74F44BF97}
		{26825549-6CE1-4DEC-8D3D-DEA91967CD03} = {987F1346-0D77-440D-8939-CDFECEFB885A}
		{51135504-ABA1-40F3-AA55-E82452E6FD8B} = {B353635C-0B77-4A9E-ACD4-17E74F44BF97}
		{7D925F51-140A-4E84-A241-4638CA6BDDCA} = {987F1346-0D77-440D-8939-CDFECEFB885A}
	EndGlobalSection
EndGlobal
